{
  "projects": [
    {
      "projectId": "seaQhLVS4bbjiGvJJrRwyL",
      "version": "15.0.3",
      "dependencies": {},
      "lang": "ts",
      "fileLocks": [
        {
          "assetId": "seaQhLVS4bbjiGvJJrRwyL",
          "type": "projectCss",
          "checksum": "ece20f44556ec6d6230797947e2125ef"
        }
      ]
    },
    {
      "projectId": "x9BNLaYjDaFRoFuy81LLRm",
      "version": "latest",
      "dependencies": {
        "seaQhLVS4bbjiGvJJrRwyL": "15.0.3"
      },
      "lang": "ts",
      "fileLocks": [
        {
          "type": "globalVariant",
          "assetId": "MkMp0dNFyaQl",
          "checksum": "59bb985aaa8a84284d3b1b30f725cf1e"
        },
        {
          "assetId": "x9BNLaYjDaFRoFuy81LLRm",
          "type": "projectCss",
          "checksum": "70ee3add049cc57794686b6f75613c2e"
        },
        {
          "type": "renderModule",
          "assetId": "nymAiVbYytg",
          "checksum": "c884dda2013868c09db36c8031d755c5"
        },
        {
          "type": "cssRules",
          "assetId": "nymAiVbYytg",
          "checksum": "c884dda2013868c09db36c8031d755c5"
        },
        {
          "type": "renderModule",
          "assetId": "U3PbIikdUJE",
          "checksum": "b0a8b0b1a55ccbb6062dd0520e2da293"
        },
        {
          "type": "cssRules",
          "assetId": "U3PbIikdUJE",
          "checksum": "b0a8b0b1a55ccbb6062dd0520e2da293"
        },
        {
          "type": "renderModule",
          "assetId": "-NREUNbJwUP",
          "checksum": "e99afd27b5b6c3097f5dee1b34933de3"
        },
        {
          "type": "cssRules",
          "assetId": "-NREUNbJwUP",
          "checksum": "e99afd27b5b6c3097f5dee1b34933de3"
        },
        {
          "type": "renderModule",
          "assetId": "_Z_r7dqFAmk",
          "checksum": "36a4d10b0f0d14649bfc030498f60004"
        },
        {
          "type": "cssRules",
          "assetId": "_Z_r7dqFAmk",
          "checksum": "36a4d10b0f0d14649bfc030498f60004"
        },
        {
          "type": "renderModule",
          "assetId": "N1eTrJyYDtp",
          "checksum": "bf3294d4bf91c44f62e06461c8693a46"
        },
        {
          "type": "cssRules",
          "assetId": "N1eTrJyYDtp",
          "checksum": "bf3294d4bf91c44f62e06461c8693a46"
        },
        {
          "type": "renderModule",
          "assetId": "6mMO8vzZrXp",
          "checksum": "3696198e6bf7728396336c6a26bc60fd"
        },
        {
          "type": "cssRules",
          "assetId": "6mMO8vzZrXp",
          "checksum": "3696198e6bf7728396336c6a26bc60fd"
        },
        {
          "type": "renderModule",
          "assetId": "Auiy_9izPz4_",
          "checksum": "b84f0765d8d94ca2dffce410bfadb7a0"
        },
        {
          "type": "cssRules",
          "assetId": "Auiy_9izPz4_",
          "checksum": "b84f0765d8d94ca2dffce410bfadb7a0"
        },
        {
          "type": "renderModule",
          "assetId": "PhgH0gjCp7c3",
          "checksum": "4334279a0ab7839ad1f6d79829ca586a"
        },
        {
          "type": "cssRules",
          "assetId": "PhgH0gjCp7c3",
          "checksum": "4334279a0ab7839ad1f6d79829ca586a"
        },
        {
          "type": "renderModule",
          "assetId": "atChbM2I9uWZ",
          "checksum": "1b58e446a6e382ef8ed5f15a4599cbac"
        },
        {
          "type": "cssRules",
          "assetId": "atChbM2I9uWZ",
          "checksum": "1b58e446a6e382ef8ed5f15a4599cbac"
        },
        {
          "type": "renderModule",
          "assetId": "7T6MSFN1HWiZ",
          "checksum": "101502ff6801a727a4386c119734d56c"
        },
        {
          "type": "cssRules",
          "assetId": "7T6MSFN1HWiZ",
          "checksum": "101502ff6801a727a4386c119734d56c"
        },
        {
          "type": "renderModule",
          "assetId": "j_CnXNJ8FXsz",
          "checksum": "fd9303aa9b30348d338b22f62572da6d"
        },
        {
          "type": "cssRules",
          "assetId": "j_CnXNJ8FXsz",
          "checksum": "fd9303aa9b30348d338b22f62572da6d"
        },
        {
          "type": "renderModule",
          "assetId": "CMihWR3OHLvg",
          "checksum": "a8ffe08bb068c41528b9c5ec758cc43d"
        },
        {
          "type": "cssRules",
          "assetId": "CMihWR3OHLvg",
          "checksum": "a8ffe08bb068c41528b9c5ec758cc43d"
        },
        {
          "type": "renderModule",
          "assetId": "Kltb72jaTMx5",
          "checksum": "bcf05ae37d90365ca70b5367a2e6cd66"
        },
        {
          "type": "cssRules",
          "assetId": "Kltb72jaTMx5",
          "checksum": "bcf05ae37d90365ca70b5367a2e6cd66"
        },
        {
          "type": "renderModule",
          "assetId": "9jT6g4dI0cAX",
          "checksum": "49c7903dd439b0db8d08138ed4bcdbdb"
        },
        {
          "type": "cssRules",
          "assetId": "9jT6g4dI0cAX",
          "checksum": "49c7903dd439b0db8d08138ed4bcdbdb"
        },
        {
          "type": "renderModule",
          "assetId": "hscTYsFnwYfO",
          "checksum": "632b483ffe6b54c69f9e7c69de854d03"
        },
        {
          "type": "cssRules",
          "assetId": "hscTYsFnwYfO",
          "checksum": "632b483ffe6b54c69f9e7c69de854d03"
        },
        {
          "type": "renderModule",
          "assetId": "ExS4jKnbCltV",
          "checksum": "2f0816ee68b7d2c2c80d41fdc0246ca0"
        },
        {
          "type": "cssRules",
          "assetId": "ExS4jKnbCltV",
          "checksum": "2f0816ee68b7d2c2c80d41fdc0246ca0"
        },
        {
          "type": "renderModule",
          "assetId": "5FVKH25fL0tZ",
          "checksum": "86240f7a23c668bdcbc40ecf8bfa3fa1"
        },
        {
          "type": "cssRules",
          "assetId": "5FVKH25fL0tZ",
          "checksum": "86240f7a23c668bdcbc40ecf8bfa3fa1"
        },
        {
          "type": "icon",
          "assetId": "5w1SVFBQVyNl",
          "checksum": "74a459f3223f8f18193982c76e9e4460"
        },
        {
          "type": "icon",
          "assetId": "SZOkl7kU_HmZ",
          "checksum": "107e23871c19af6c429a3fecf4d79cac"
        },
        {
          "type": "icon",
          "assetId": "dOQ8k9xhxSwT",
          "checksum": "8338bb4a60e10f116dfdf6d53784f6ce"
        },
        {
          "type": "icon",
          "assetId": "m7ndzbNcaCmp",
          "checksum": "59e366207c226737959d08741f9b6377"
        },
        {
          "type": "icon",
          "assetId": "9AnTgehxFx6M",
          "checksum": "f47f748f891eeb6923378b42548c33d5"
        },
        {
          "type": "icon",
          "assetId": "17x0Nc9T4zwh",
          "checksum": "587858c03c5777beadccfe71ed34c02e"
        },
        {
          "type": "icon",
          "assetId": "2ucY6RBAl-nU",
          "checksum": "9deb7859114e67681d00361ee796eea9"
        },
        {
          "type": "icon",
          "assetId": "jTdiXQvhSH6K",
          "checksum": "bcd00899c94636b685ea539578055662"
        },
        {
          "type": "icon",
          "assetId": "4cj1M5dD8GHV",
          "checksum": "623f3278efd580c2843fd6f6dd76a324"
        },
        {
          "type": "icon",
          "assetId": "Hf6ie_bXN9P8",
          "checksum": "20301bd90875201f91fb831a84eb2f36"
        },
        {
          "type": "icon",
          "assetId": "B7sSEwBwEm38",
          "checksum": "519a1540f82161546a33d15bf4b89403"
        },
        {
          "type": "icon",
          "assetId": "L7aMymM1IUNF",
          "checksum": "44c9cc45e9ca9ee2620da6fb1e569043"
        },
        {
          "type": "icon",
          "assetId": "bDXYQNI8X7Ac",
          "checksum": "7c05e74349a862bcf335fad8711590cc"
        },
        {
          "type": "icon",
          "assetId": "4M3PBFRUz4hx",
          "checksum": "e5822d2c28d9f40be035e72dc3afa10d"
        },
        {
          "type": "icon",
          "assetId": "fWF-I7xqNmWS",
          "checksum": "55592fee1bab98598f9a90861d2ab749"
        },
        {
          "type": "icon",
          "assetId": "GzO0s6sYFFlh",
          "checksum": "e24ea1a871a6c2c2dd5a121d05580a14"
        },
        {
          "type": "icon",
          "assetId": "XO-PhltggTL-",
          "checksum": "4bd27b45f9b456a041e4126d2b1b82fe"
        },
        {
          "type": "icon",
          "assetId": "WENKIyKMEIFk",
          "checksum": "d435a8e5ac16675021846fac49975bbf"
        },
        {
          "type": "icon",
          "assetId": "nNTu-I6jMuJm",
          "checksum": "5c3b4b4c8b423d8467fb907a43bbcac0"
        },
        {
          "type": "icon",
          "assetId": "kgh-WmsEX4x3",
          "checksum": "8ce7834971505d86180e4448af9bc103"
        },
        {
          "type": "icon",
          "assetId": "6euNTR7cjxpB",
          "checksum": "fac9da9cfd2881a1c5d5e538a5cc3f00"
        },
        {
          "type": "icon",
          "assetId": "pxBgn598SKbg",
          "checksum": "63bd4b152738a7c23fee5e3dbfe760e2"
        },
        {
          "type": "image",
          "assetId": "WY5PxR-Uf8z_",
          "checksum": "a92167f5d01cc26a04661b3d4bb210a5"
        },
        {
          "type": "image",
          "assetId": "jzXsEf2wqICL",
          "checksum": "0836b1cfbd59c8155fa29e9033a28168"
        },
        {
          "type": "image",
          "assetId": "e80q8QbNJO7T",
          "checksum": "23e4c8a67e82fe383b467c8c1ef1d49a"
        },
        {
          "type": "image",
          "assetId": "HbsZSElS4t7i",
          "checksum": "cd00cb25f32476d8e1caff58ba54981f"
        },
        {
          "type": "image",
          "assetId": "auBaAIs3jn",
          "checksum": "9d43d8c4b40d93634134398fcfb7a479"
        }
      ]
    }
  ],
  "cliVersion": "0.1.166"
}
